#
# This file is autogenerated by pip-compile with Python 3.12
# by the following command:
#
#    pip-compile --extra=build --generate-hashes --output-file=requirements-build.lock --strip-extras pyproject.toml
#
altgraph==0.17.5 \
    --hash=sha256:c87b395dd12fabde9c99573a9749d67da8d29ef9de0125c7f536699b4a9bc9e7 \
    --hash=sha256:f3a22400bce1b0c701683820ac4f3b159cd301acab067c51c653e06961600597
    # via
    #   macholib
    #   pyinstaller
charset-normalizer==3.5.0 \
    --hash=sha256:054420b5db984971d886e5e4e2c37c760ae6682aedbd066687ff0949d9ed5f08 \
    --hash=sha256:06f4fb62a9139bef056b8b2da6773c94c2f259f90e4b8e53b166f3d0372d7cf6 \
    --hash=sha256:076cf9d3f3c7e410295c09d96355cf3b1bcae74990034d80e4371e20fe1ba4c6 \
    --hash=sha256:07f6f42b5a6325df35b458004fb5f9f29bf502d89287a33c7cdef3590e31de0f \
    --hash=sha256:0b2e44e6d42d1a4ff78ccc219a93c5449105d10b16198d1aea581080df8073f9 \
    --hash=sha256:0b373bab0b867b68b8eb249da9478cab9181a42993437cd2f5dba5fb0b4fbd1b \
    --hash=sha256:0c8953d9d1617794cfc40d81179571c9ba3805dd029623a15c93f1fb70e60a74 \
    --hash=sha256:0cce46dd29d73e135e8087b96eb62a4aca6d69391b7f97808c6588ebed3178f3 \
    --hash=sha256:0dfe83c1b4d00abbf433998117a14f56a5c2bc68226c0d331709eed0d1ce539b \
    --hash=sha256:0f211c21aa316cb6e2662e54a1194633a79d98a50a876addacfce7ba5b34b09f \
    --hash=sha256:0f76dc0a47f94cb9b69d86f01e477f4b0371ca70208b9ccea7e063c41eed9046 \
    --hash=sha256:125ee619611019471b177c70bc3e9d4cda9fad7e01d93523501d3b188df0193a \
    --hash=sha256:1328cc57dd4372be1265f68232cee890e087416e3e6e93e6ffb32c2bad4d36a4 \
    --hash=sha256:143792a43e06dc3b27fc891948406e251502dc19ff9216cd80182b79131be5c5 \
    --hash=sha256:14f6904a3cf870abf044df3a8c4924ac6c8ef77e9896586fd37e73ae96cff2af \
    --hash=sha256:168a0cb536b5123a77bc42ecf5e0bf6f923d0d9ae43c42a14eb0677c19ac6c19 \
    --hash=sha256:17a0fd0e23961c2c017372e37aabc7ca8fceb9e10ad898977dfb40ad3927baae \
    --hash=sha256:17db18db9a1374d5b9d9a3252f980b4243b0b4efd1df03fac78bb587f6ce98cd \
    --hash=sha256:196e270c4e80827b5072eed7d6aa661d133afada94fe366669f9609e718d305e \
    --hash=sha256:19e52bda45086df8a4be4bb5910af6f5d9d3b538c78712c8ae09ef10b85bf458 \
    --hash=sha256:1a573e1e428f93908e79e04b349717f400e720f2f82285f0aaaf3ee0ff7f4c79 \
    --hash=sha256:1c010dd86d3f4c4433c9634d33ce8147393b270dfa54f217f965540b8ae8e075 \
    --hash=sha256:1cdfed4d7a59333c8220c67dd3be4e7a6c887b67453a64394022dcc919570add \
    --hash=sha256:1d366548d2ee28a8cfdcc4296363978cc644a728333be9824d2de4652e83df0a \
    --hash=sha256:1f56ce84b317ef2a59d7d3461891c7597c79247d2192bb8114c68a1a1debfcc0 \
    --hash=sha256:1f99a8c3a1da5d955edbad18208b3d627bdd54c48a6e739fa877bdca98c686d6 \
    --hash=sha256:2080aa129a28267984cdc902898993d788c995c384e285d0d19199f56760d52e \
    --hash=sha256:22a1889f1c9b752c63c36758a0c2145458e3cadb20fced7a0790002e9dd12b26 \
    --hash=sha256:2401f7671242e921e604f609d429f6b282ea4ca787a6ffd22ed7372011ddb9d1 \
    --hash=sha256:2403b489c103e9a18c835863fc6dd54361355c8291d4cafdb37492b683440b9b \
    --hash=sha256:2df26d4134948616be0ece05d0b24d621d3990f37147b5883c52052b613ef1f5 \
    --hash=sha256:301bfc4877c4f4f62b344235ecc58d06c901683801636eef819f88769c315ba2 \
    --hash=sha256:30ae26a1adcd943690dcbbc47f28be762bae9e08ad7442b78c86b1c0dd5a626c \
    --hash=sha256:3288a560dc3114d5d2ebe309b1ef43f8af355eafe25856832415c2a8196c9db3 \
    --hash=sha256:32e6d56dd825205f81e5c45bcebb4df6a11fb2bbf4969a01ef156d6ced90c224 \
    --hash=sha256:3418edd0ecb72a0a3861cf72f31be0ad9b7fe338ce2b58fb5cc80b9aeb792700 \
    --hash=sha256:3587d94b5c9f05c2dc4c3f3d47aba6375ff141a21adae3051d8d4d53e8a937c0 \
    --hash=sha256:3684ebbdffd51329ac44245d1d227d90b965797aa1a8abd026568a1f6ae88811 \
    --hash=sha256:368eb2fc9482158b3a3386e8f01fa61f479c968e9a19ceab8f0188b86b312991 \
    --hash=sha256:38a395079f229a631dece74e24c69c1f612536dd51f345a7d6a98abe2d3e047a \
    --hash=sha256:3b08ebf9488c7ff5eff038e48e6ea938178dfd9dcc8598b5ca941e4ae27b20be \
    --hash=sha256:3bfbe543d957213fc9a3db4979a8e171b7aa7504c1d737029defdb03a6095a38 \
    --hash=sha256:3cfdab178a4add5483e26a9bb1c16d8018ccf39b4be7a3aea6c3979e6828f2ee \
    --hash=sha256:3d00e18e7bbf47e332ab63903d18bae31efc701b1d8cca0382b97784a621fc44 \
    --hash=sha256:401ea6e7af9e7852ed818f64714b579c1935482049670847ca3bd7ba45dc63fb \
    --hash=sha256:420b19411959eec115063229536788e6b32d0a7fa907d6b940317919120d702d \
    --hash=sha256:4253da1b4456b633651a8d59eb1dc7a8a8fa38241014dd7c217b353e547ae394 \
    --hash=sha256:4346a693c08b1d0cfc0e3325bfb0ecd4322fb1a6904d68cf416f8da5e981b234 \
    --hash=sha256:478650a70a750d75d5add401606c77f77069c32e4ba2c9131dc6cee566962ca0 \
    --hash=sha256:48920bf6fe83eb2226756ac623fa54940487154eb18f80889d5735cf234965c0 \
    --hash=sha256:49bd5feb59b0bf3cbf6ebcf4352e371c95b9da9bacd4449f8b64d0ad2c10a26e \
    --hash=sha256:4c440122e1ea68b1f8b44a631ebf49c39180f6869b1da22d76e8a724208ec6e9 \
    --hash=sha256:4ebebb410bc517e1d284c52a123e82704b21e4e7e26a21ebecf7439d0647b8a3 \
    --hash=sha256:527e28a5e751d9e11369b9c5f9ab35c748eb9c109101920c7deb40d6eadf8d03 \
    --hash=sha256:54c963ce6404e52255b737e8a06d356fc762d59096ae566203a67cf2b7d050f2 \
    --hash=sha256:562d24ca7797c1af8852994950c2e623a907b201fc4b0ed29e92af173d3828ca \
    --hash=sha256:5780a29823e1d2bec69b7a104ead4195a43f3e97782efaedbf1f79a0157af715 \
    --hash=sha256:58ca5dc0a0ef99f2801ec0574214c978e9574055bc783830bbb6e7433218609f \
    --hash=sha256:5a4ee37248dfac25107c758bda99d545ce73e60b44d2dd39e4a2bb9f2831e9f5 \
    --hash=sha256:5a54587f93f2e289f8faf25b35c997d4cc75cf677485ac6f50c985715989f99c \
    --hash=sha256:5b81980668800dd1c69faad8aea6e85a8cee0e13bcd3bba7671695ff16260293 \
    --hash=sha256:5c23fa4f6eccdd601949cb00f3988c01d64e671d8faba356397971077022e144 \
    --hash=sha256:5e68229977b2dea28e7061c0c0630a23f2f9f6e9c6fb38d77d3d6dbfe3768b74 \
    --hash=sha256:5f51a19dc52197a20218b05ec5336d0c6b3b09935f838724722032c8d45dc91a \
    --hash=sha256:606a86c1c3196f3738de39a67a7490bbd61cb31c0e0436070bd0c6a48170b38e \
    --hash=sha256:6083d10a846218502d664375b9448508d9fa580bd834567423156c6abfbe899d \
    --hash=sha256:608553f476fca509537e804c4a71f5eb166ce63b75141f89c2c686ce1aa36956 \
    --hash=sha256:63ea0cc840c66670183578c2630d138c0e944aeadfc33f25173ee240f5db780d \
    --hash=sha256:6753de11eef42f1c321b26d682957d92c7f7bbce6530f34bbe0f9291dd37cc6f \
    --hash=sha256:68b7e84ae8239a94f8d2c8f3f3a3a81bcde54805ec8f42a34de927d155688ec6 \
    --hash=sha256:69d647cf158eb6bc9c99503292abed1f2079a2de5859f06a403f8aee6417475d \
    --hash=sha256:6abb1f356fb865baeb6ebc3fadd843e9a96fbf49b9adcca55037f3cceccb7438 \
    --hash=sha256:6c06875a1d4a7537bef70f659b55c6b55b9a47ec3ba8f2db610350c2d9915e6e \
    --hash=sha256:6c57af4084c10cb3286688d65e4c654190ff5edcbc2411d08cdca0a8a44c59a1 \
    --hash=sha256:6c95450fce59f00c6d08eff6572ec2e736e5054c9450253afd5748f8416f2eb9 \
    --hash=sha256:6da562a20a49673fe365b05750e98d03bb2c5f8b8d03562b014c1abb3df739f1 \
    --hash=sha256:6e44bc2780516b3df986d6fe33103c7080cd9dcd5576fe3cb4b0f64309c8f22b \
    --hash=sha256:70ff1c16eb0eb5ee6bb12739292347f981a5ba764cc4df1bc2e69b0405d4ac3b \
    --hash=sha256:72982d9958a42f8132bf2d6b90214ed66477295ef1188731f98ae3511c6eeb5a \
    --hash=sha256:74892fe9f33d204860e782e0a2030bb39f9f0af1e7a24f7d5a5b632df311f655 \
    --hash=sha256:75e243abbb528c1a774390ed71e3f868a9f37b1373442e4bbadd401cfc505ff4 \
    --hash=sha256:7cdded069549b5eae3d5d9bb6c2e5bb4fe83f9b81863e2a193cd747bf197aebb \
    --hash=sha256:7faa47b56070b3dd6f4898ed28528843ab130d53266cb9948d9b1f3bb1a5c5e8 \
    --hash=sha256:7ffc43fe52618fcd7abc6ee0b46aea527db10da73305fcc6aaf9710ac7a33ec7 \
    --hash=sha256:815f143a91983ba3041bba066e492ae3c42de523fb1c699685a1abf3313b7d1b \
    --hash=sha256:826a295a039178479a325be1ae60eded1f0b10f7dda749df59e2440de8f61d64 \
    --hash=sha256:82cc5835997ec78afe293a192e385099355770a7db94b2fb1239d36b32796f1c \
    --hash=sha256:830c04a49998b5ed58c8b642c65b7b26419397f52392a64121ba9fd0e95e7f9f \
    --hash=sha256:83b62410bd36bb1178a7d563e2ee0cf21eb1c980c912ab99c2c78f06227f1731 \
    --hash=sha256:84b736e3b391601bc47b86da381c749c0f894e9191aaca9f31f30c2632206df3 \
    --hash=sha256:85f9e0e2724bbddf05de65e5fb03b73eb23e985b7df4259c1d19feb302eb8dc2 \
    --hash=sha256:8b3e9e29b8b07cc461b9ce7768db7693a93979d0dadf22046f6f3555ded2f516 \
    --hash=sha256:8b8788f114845c01f2b520e0b91ea58d143276cfc0483aa943e815f7b9555c15 \
    --hash=sha256:8cb9b6892b53bd6d11fa4cde3dbee020b1f0b6656be1fbaa1ec0d4324a7839db \
    --hash=sha256:8efc3f1563ed431882dd0dc0411b5f8ace1b1b89074981deaf6bd8af77dbe1bc \
    --hash=sha256:8f006866047c6ec4b627ec144b1e0bbc7427cb31fd7c08d19897d0ac9032af3d \
    --hash=sha256:91f9f7c151e772acebe489eaec96e96a2877202d7dd144e3f96b8676881715a0 \
    --hash=sha256:9491f594859b68052edebd69e05fb045055a713b57a67974e6c1553b4e503c39 \
    --hash=sha256:96720f2aeed3434bc48f4d52fbad64ecc820cfed88915d664780ed9ba09ede78 \
    --hash=sha256:96ae7ab5d8155fde927aa0864fbc8ba3cc4fde6d41ab0c7cea9d6012b4978603 \
    --hash=sha256:98820e1ceb25c6df7a80c4fd8efa59cb121f99bc7c4c1693ad94a2caff5b311d \
    --hash=sha256:993dfcbe75a85a3784abb5084f2c41b915767c90546fcc92803cffa28611baea \
    --hash=sha256:9a1d9b13e5e394e13e3c316f0d910d100b17681ff59797f30da1dba032061296 \
    --hash=sha256:9bb3e0d1345b9c0fe73673ea656375f38a78ec679c2edeae0c24800f04798a85 \
    --hash=sha256:9ce0f885239357379d92fd9a5fddbe20f0e30e0527c29ba69f8e99eeb1304a76 \
    --hash=sha256:9e0213f3f8a2674a6778be299aea1d6dc6dda015aab86f683bca6d78f81f27bb \
    --hash=sha256:9e726478d7a213847860219d74665a6892a643ac93b8f76580f6cf9ed39996b7 \
    --hash=sha256:a17864853f7c518ae7d4b368af98f427f9396805476af40af8698560f09d7d97 \
    --hash=sha256:a284c36b9c6616bf0a8aa4aabba668a0c75ba65ccf40a79868aeaa69ad996897 \
    --hash=sha256:a3ad0e3da22852533858663848608f3f24c0d35e5cde415a4903476f2b4c88ec \
    --hash=sha256:a5613a3a82c974227bde18f03409e30c467f8065cb56d822e3eb83708a5f223d \
    --hash=sha256:a565303d118ea3b94a4b6c076bf568069726be414e43b06d58f7070b076ce11d \
    --hash=sha256:a60773eb5fda796e6e6f76b9c152d270fe59f9788a51a6ff8ba44082d8548ae4 \
    --hash=sha256:a7cb4cd266bd85613367fb85a30cfbf6fe6349919e87e18ca8dba584951bfb8a \
    --hash=sha256:a864bdcacd8bff58bb4845304e031f821a3ec64b2b7259f2d409cd49c9e59ca3 \
    --hash=sha256:ac5a9cc079c67d75f4ddf343276031879eadbb333d1bb231cce297b8d7b9aae8 \
    --hash=sha256:ac68ebfa549cc623e0e9add2937526340c629ccf667b4da85b7ef5f99e70bbd9 \
    --hash=sha256:aff38231e3171c578b2c449a01afa44e9ff40844597a32873da102394f63d28e \
    --hash=sha256:b476cdb63df22da2b91837593380be3ddbe406f36c506c1c91d80e7196b66288 \
    --hash=sha256:b787efadba00f5da6fe89513bfbe3852d52ca3a448fdec165765cb3b44a80248 \
    --hash=sha256:b7eb3eab5c646d3de7dcb14a7c9caebace5249c5767da39e1761cb1576e521a3 \
    --hash=sha256:b8ea208b304587d47931b36481342d20336e0d338ab052f8b4305926482598d6 \
    --hash=sha256:bf1e75dc07a3850b53d1e5f75e04d3ae12afe56284be7821771eaa2466350c73 \
    --hash=sha256:bf91921009025e96ce57a03ced6d14604fc3baf0530351638e9504a55da6fa3b \
    --hash=sha256:c387c6bf91b4774e359a48a179e2872b8e8bf741e4fde06ba8d1665eb9a4760a \
    --hash=sha256:c38d1e9bc2073b0984d2099ea647fd7f6c0d8f83a1e14e0cd32926f16e4c44ce \
    --hash=sha256:c41b067eddcfa5ee6b1169c287605be7fb6b0ea22bba6474c5bb978a668def4f \
    --hash=sha256:c455829625df983f716cbaecbba77f2d1dc2e0e0ed1638c059cece15a279344b \
    --hash=sha256:c54036a518748b6c02e666f6d46c3817561998fb904c3be25b56fb4fe3dc5706 \
    --hash=sha256:c5c6d47a865147e0ae3322ce92e7fb52ba3169d94b447deda56897ea2aa6fac9 \
    --hash=sha256:c5e981a5ac8641381efe6f0029467500661616a530d27bc6eedfe45f840599f8 \
    --hash=sha256:c75191e3c8052045179646cb40e280800a4e0bdfda34d9c949c2f268d44e80e4 \
    --hash=sha256:c825661dfcf843119ab57cdcac0df7a48e168764c66917bc74f9a42ecb096da9 \
    --hash=sha256:c9bde7a960720c8b8e1b5ef7afaa0c9a2f3b55c44abd635b2b29dd066b298e3a \
    --hash=sha256:c9f45186390aee4d1f26f723c615b67df346766c3b16df000d84d6e374f06757 \
    --hash=sha256:d016dc857136c726958102c3b8a3986acdc65ace6fbf12cfdc09cc4bfa2935b2 \
    --hash=sha256:d08952c0f14eb56d9dad72a2e17773b5f709c55b28635822d18c4adf38680833 \
    --hash=sha256:d22a083497d2f7d06a57172c5b60ee66cedcf304fde5226d4dfdc94f6180f5b1 \
    --hash=sha256:d2478bd3b2ead3962a484fb802891be40d10049fb74f83e09cb4463fad023fea \
    --hash=sha256:d54625cbf4e6b60bf0639728cb8b4cb541e340f6d7cafae5806051a40ddf4c45 \
    --hash=sha256:d6100f877d2ed95f0856a3fde25334153add94bf2224c43f45f88e7039262aaa \
    --hash=sha256:d672f329ae504ee240eb39b6effb3318aa8e7e8924c0ce8eee5760b3fad98539 \
    --hash=sha256:d7229a99120c6c2792d96f4857c2648ce5530e93667a2c2388c5ef69a6b84775 \
    --hash=sha256:d74bcf1cdd8ac8267fb216473ce6b112efa07b163536288094541415084d131c \
    --hash=sha256:d788e2ded0c4c47efa4d73cfe59eaf975ee32f425219873d2cb3e3fbaa00f636 \
    --hash=sha256:d867cefea33acad8e33a3eb408cca7889a9cf999bd5433d962089d5a13b6e75f \
    --hash=sha256:d8a9316f4da85e937242642b537c6d55d7e9287dd38e5634732f8233932aff45 \
    --hash=sha256:d90254c8f609338c53ec180fcd4c4f9c16502e238e3fc88ca7fd4c2f38d445b8 \
    --hash=sha256:d9419f44e568f7fafcdc0b3b5c766a2364e705a9b34fb8a56b431e0d1f3f4258 \
    --hash=sha256:d95244906ed69d0f79f190893c65e336c15959003e21449256dc05c001b52ea2 \
    --hash=sha256:dc28949de1bb5f7f30a46f15d74ce7ac5aaa63e03c5de04d68f571c7423af834 \
    --hash=sha256:dc7f6aca0bdac5e6520c8b6769bda69315fe7cb57f69885f115bc8ca02d1d022 \
    --hash=sha256:deb99535e9bf0bea8e274c6413eb939a21be35a3f492678dba4d5b1f4d70f142 \
    --hash=sha256:e31786a947b136329bfdc458c82c06d4ec539b4a4436b7da4df4aafc9902ee80 \
    --hash=sha256:e3b9eaa99a6d8c9ace4cd303915947ef55088d4cd87c6676874f98c5c03aa040 \
    --hash=sha256:e46a37ea7fcf9ae01d71b2e5ece19f1565987f3e308394b829197cbefc061f92 \
    --hash=sha256:e4e8fa586df2208ef040684751345f10f503834a757c9a74ecd19c1a2f9b1ccd \
    --hash=sha256:e54dd1a66fa4bce0ccaf0db9dde336e49b3eec646dc4c1c0991279369d373a14 \
    --hash=sha256:e5f834965c2fe589837bac1002e07e25734ff70381903ccd95b3d649e22bfa40 \
    --hash=sha256:ec6c464cf45867f66a2273e2214d9199a8fbad5cb95ca0fd45f6a2fe1d9d2cf4 \
    --hash=sha256:f044cb1cf44012184715f46584658993b5fee9344d71c4b0c455a17a299730c0 \
    --hash=sha256:f0fde5e5100c735b2274ab898f0742a5dcde492796296cfbe7e0ad6a4cd1a396 \
    --hash=sha256:f1619a3cc174a7e3963dd34348e6fceb6e50db0ddeb0031bd7c73a58286454fa \
    --hash=sha256:f278e131afa96a3622cef9211c406ea2ad1b68eb06f8837cd443684a40e0ae50 \
    --hash=sha256:f2ce3d39fb4a9d674e6639dd5d3146b2e273475d2260f10163228d66fc04433d \
    --hash=sha256:f7496aed56b06325a1ad419c5bf23c6dd042558e874f71dd1b958f3e255f3053 \
    --hash=sha256:f8cd1283a9fe6c2065c807e9d5da81afe5e1e004caef39adc0d8ae86dd883698 \
    --hash=sha256:f9f91d3e8382900f3a68fa0ce94294479de9cd2de6bc0c70acd0f0dfd511836b \
    --hash=sha256:fd68c825548a611158230e2f9222e210ceb2e3391995c0aa5865cbdf3ab4bd49 \
    --hash=sha256:fded2e82ff082e5d8e017e2ddcc1411bd8cb83b8585097fc401ef574f756b888 \
    --hash=sha256:fec352b793cdc183cc9e7e0b6c10fd7bff38ec54ba44cc43599b9b56f7f3db2e \
    --hash=sha256:ffdd7ac514301d0a67f7c23b9f2b431ef909a3c3dd6c3766668d0a6f5900c94e
    # via reportlab
defusedxml==0.7.1 \
    --hash=sha256:1bb3032db185915b62d7c6209c5a8792be6a32ab2fedacc84e01b52c51aa3e69 \
    --hash=sha256:a352e7e428770286cc899e2542b6cdaedb2b4953ff269a210103ec58f6198a61
    # via odfpy
et-xmlfile==2.0.0 \
    --hash=sha256:7a91720bc756843502c3b7504c77b8fe44217c85c537d85037f0f536151b2caa \
    --hash=sha256:dab3f4764309081ce75662649be815c4c9081e88f0837825f90fd28317d4da54
    # via openpyxl
lxml==6.1.1 \
    --hash=sha256:05a82eb6e1530a64f26225b55cbd178113bd0b5af1c2b625f25e5296742c26d2 \
    --hash=sha256:07a4a68e286ee7a1ed7dfb8af83e615757c0ccfe9f18c6b4ea6771388d9ba8c9 \
    --hash=sha256:09dd5b7075dc2f7709654a46543ba1ea3c2e217b2ed8fbd413a8a945a0f40f60 \
    --hash=sha256:0b7e8a14c8634bf6f7a568634cb395305a6d964aeb5b7ee32248094bed3a7e2c \
    --hash=sha256:104c09bda8d2a562824c0e319d0768ce26a779b7601e0931d33b09b53c392ef7 \
    --hash=sha256:126c93f7f56f0eda92f6d8c619edc463a4f23d9252f1c9d0405a76f25fa9f11a \
    --hash=sha256:162af1091cd785f2f27e62d3547ae9bc58ec5c86dd314d67021fd02463708d83 \
    --hash=sha256:17e0e18d4ad8adbd0399291bc44845b69d9dd68439a3cdebdf35ff902ec05072 \
    --hash=sha256:18b73c339ae29b90fd2d06e58ebd555a751bde9cd6bbd36cc0281b9a2c94e9d8 \
    --hash=sha256:19607c6bbff2a44cf3fe8250abccd20942d3462473e0a721d01d379ed017e462 \
    --hash=sha256:19b7ab10b210b0b3ad7985d9ac4eb66ab09a90b20fe6e2f7ba55d01a234345d0 \
    --hash=sha256:1d4962d4c66bf830a7e59ed6cfc17d148149898a3aefa8ec6e59763e6e3ed085 \
    --hash=sha256:1db753c9115ec7100d073b744d17e25e88a8f90f5c39b2f5dd878149af59671f \
    --hash=sha256:1dde6131244bba38a17c745836ba190bc753fd73c9291666287fd0a3fa3dcf30 \
    --hash=sha256:25c6997a9a534e016695a0ba06b2f07945de682731ff01065b6d5a4474179da1 \
    --hash=sha256:26e6eda8d38c1fcab1090dd196ee87cbd13788e531937610e2589085de074e77 \
    --hash=sha256:27acc820660aaffa4f7c087f29120e12980f7779d56d8492d263170111284740 \
    --hash=sha256:2a0217714657e023ef4293500f65aa20fce6164c8fd6b08fa5bd4a859fb14b9b \
    --hash=sha256:2c8daa471358dc2d6fcf02165e80ec68f77871a286df95bc5cc3816153b0fd2c \
    --hash=sha256:30a89d3ac8faec007453fb541f3f46807eeec88edd5826f6e3fe001752a2c621 \
    --hash=sha256:31033dc34636ea6b7d5cc11b1ddbda78a14de858ba9d3e1ed4b69a3085bc521e \
    --hash=sha256:32ab449a5486f6c758e849bb86710d0e45edc24a04e250c01555f8f5653958f8 \
    --hash=sha256:3483644525531e1d5762b0c44a8e18b6efba321b6dcf8a8952de10b037618bca \
    --hash=sha256:34c2d737beabfe35baada43941ed519251e9a12e779031496bcd5d539fcfd730 \
    --hash=sha256:3779def59032b81e44a5f70096ef6bf2082f8d901937dca354474ba09782e245 \
    --hash=sha256:37a58976370f36d9329d118ad0b953c5aeb9119ac9c6a4e258942a225d0573a1 \
    --hash=sha256:3893c14c4b6ac5b2d54ba8cf03e99fe5104e592de491f19bd6b82756c09f8004 \
    --hash=sha256:3a12689be69a28ddaa0ab99a5a1137da2afd5f8f16df7b5680b66f616d3eda1d \
    --hash=sha256:3ab541146f1f6968c462d6c2ac495148e8cdba2f8347700b2141b6ec5a75bf52 \
    --hash=sha256:3abf332af33a74288675d936fe861fd4344da0dd6622193fbc4f2bfbb35536b5 \
    --hash=sha256:3fd9728a2735fda14f4e8235830c86b539e9661e849665bf926d3f867943b4bf \
    --hash=sha256:424aa57aca0897eb922aef34395bd1289b3b6f04e6bae20ea123c0c7e333cffc \
    --hash=sha256:441dd227fa0690eb9fc81edabc63cdcefc212bba99b906dcf6e32cc1a9d3e533 \
    --hash=sha256:469e3618338bd7ab5beb412d2439825479fcf0dab99e394ca563dbc4eaf6c834 \
    --hash=sha256:47402e62c52ff5988c1e8c6c63177f5708bccf48e366dea4e3dcf1e645e04947 \
    --hash=sha256:4f0dd2f01f9f8a89f565d000e03abcf0a13d692a346c8d22f628d49af098777a \
    --hash=sha256:53b7d2b7a10b1c35c0a5e21e9224accf60c1bbfba523990732e521b2b73adef2 \
    --hash=sha256:53c909b62a0532183542fed00c5a7218258c56292d409bc789886fe1cb04c438 \
    --hash=sha256:54a7f95e4de5fb94e2f9f4b9055c6ba33bf3d628fd77a1d647c5923caa2cdcdc \
    --hash=sha256:556e94a63c9b04716f8e4de2abb65775061f846e89331b6c5be79183a24f98ea \
    --hash=sha256:55b03549819867ea141c0202242c4816c82e52ec36e7e648db9d8da5a3dc3ed6 \
    --hash=sha256:581d4c8ae690a6609e64862dd6b7c2489635c2d13907fc2b20f2bc200ff1d21e \
    --hash=sha256:58bb955caba94e467d2a96da17660d2d704e0675894cba21ab8a775b8621fd1c \
    --hash=sha256:5b7328b46d49fc9477d91ae8f6d55340347d827b7734ba3ea33faae0efef1383 \
    --hash=sha256:5ba186ad207446c65d3bb3d3e0412b032b1d9f595e59861e2354798c5703d955 \
    --hash=sha256:5bec7d03d78d853597d6107854c2310ce3f761fd218fe9fe91d5101fcf6c2efe \
    --hash=sha256:5c6bf403fbb3b3e348a561a5f4f0b9961835657981c802a1df03653eef8a9074 \
    --hash=sha256:5f6994074ebae6ffb04447268e37dc16edc304f9859cf91acb86e0af6c1b395c \
    --hash=sha256:62aeb7e85b5d60320b9d77eef2e773994e2c0ce10121b277e0a19804e1654a5a \
    --hash=sha256:63876be28efefa04a1df615b46770e82042cce445cfdce55160522f57b231ccb \
    --hash=sha256:639f6c857d91d9be29bd7502348d6736dab168b54b5158cd899abf11684dc186 \
    --hash=sha256:640f97d43d867bcb9c75b3af013b64850756b746cb6bce8ace83b70da3abba9d \
    --hash=sha256:649dda677cf3bd6ac9ae14007ba0c824ded8ce5808b53fc7431d9140399118c1 \
    --hash=sha256:6540377fbd53fe1b629172288c464fb18db11ce1fa7dc15891da10aa9dcc3e7f \
    --hash=sha256:6689e828a94eee4f139408c337bb198e014724bb8a8c26d3cfac49d119ed69a6 \
    --hash=sha256:68a9198d0fc122d14bb76837de9aa80cf84caed990b5b237f532ed87d3706736 \
    --hash=sha256:6b1761fbf9ec984e2e9d9c589ef5f5fd684b7c19f92aadd567a26c5224958db6 \
    --hash=sha256:70cdfd80589d59e43e18005dd7244e8895e93db8ab6a620b7e23df5445a4e3d2 \
    --hash=sha256:70ef8a7e102a1508f8121aae5b0867abd663f72c14f0a9c937e6554cb4587b7b \
    --hash=sha256:73bc2086f141224ebddb7fc5c6a36ca58b31b94b561e1dfe8e073e3270fad1e7 \
    --hash=sha256:74a9717fd0d82effef5c2854f0d917231d5324b5a3eb7275c43ac9fa32f97a14 \
    --hash=sha256:752d3bbfe874715ccd0aec7f88d7fc623c0f1fd7aa7b3238a084e017bad2a009 \
    --hash=sha256:762ff394d5bd56da0cf034a23dcce4e13923f15321a2adfa2ac00201dc6d3fca \
    --hash=sha256:76447f65250ed2501ead1a1552f5ce8edff159a86f308348e6a9c4acb5e1f1b4 \
    --hash=sha256:766b010012d59470072c1816b5b6c69f1d243e5db36ea5968e94accf430a4635 \
    --hash=sha256:787b2496d0dbe8cd180984e8d29e3a6f76e7ea34db781cb3bd55e4ba1ef8b4ee \
    --hash=sha256:793033d6c5cdf33a573f910d9bea14ef8f5771820411d118da8e1182edb53d5e \
    --hash=sha256:7d47866cb32fb503450b6edc9df355d10dc49836af2e89901bd6ac6b0896d9d9 \
    --hash=sha256:7f7a92e8583f06b1fd49d01158143b8461cfcd135dcb10ec807270a3051bd603 \
    --hash=sha256:80c2dfadb855da477cf73373ad29a333535dedb9b12bad02c9814c8e2b43bf08 \
    --hash=sha256:83b6b30eb131da7a75b601f28c5d6971e6ed3e887919bf6b6a1ad3c2df289080 \
    --hash=sha256:86281fbdd6a8162756f8d603f37e3435bfa38043adb79c6dc6a2dfee065e7525 \
    --hash=sha256:86c89b9d55ebf820ad7c90bc533410f0d098054f293351f10603c0c46ff598f5 \
    --hash=sha256:876e1ff5930ed8bf295ec5ef9a8155e9b6b1876bbf1deed8b3a8069311875a8f \
    --hash=sha256:88136950da4d13c318bde414ce10219931937851327f44328f2df4d2c4614067 \
    --hash=sha256:88d8cb75b9d82858497a5393e3c63cfbf03035225e4b35a49ed7ccb151e4dc0e \
    --hash=sha256:8be8ad51249698103d24b0571df35a10990fbe93dd043b6c024172189485f5e3 \
    --hash=sha256:8d43ca737b20e106e4aebc42b2f3ae19f00ba63d7eb731698ee083d72d15646f \
    --hash=sha256:8dadbe5b217ff35b6a8d16610dd710219b59b76d13f0e3f0d9f36786206e4485 \
    --hash=sha256:9395002973c827b3ed67db77e6ec09f092919a587022174554096a269378fb13 \
    --hash=sha256:96f2ec43df44b1f76249ee0a615334f9b5b060e1c8bd90e706dad2d14d02f383 \
    --hash=sha256:98fc784c2c1440667aeedf8465bdfe10208acf0ead656a2c68627299f546b315 \
    --hash=sha256:9e36f163528fc50cbef305f02a5fd66d404edf7049cdaff211dbc2cba5a7013e \
    --hash=sha256:9eb9b5a968f6e0f6d640092a567e14529ff8cea2e29d00da6f78a79fa49f013c \
    --hash=sha256:9f76acfb5f68ba982635a53fd985a8044be98a35b43232c2a1ee235ffab3e1dd \
    --hash=sha256:a088f287f7d8275a33c07f2cac6c50b9319309a0200a39e7e75d80c707723099 \
    --hash=sha256:a10bd2fd62e8ce916ececb342f348f190724a098c1faa056fdfb2a22ad5e8660 \
    --hash=sha256:a4bbea04c97f6d78a48e3fbc1cb9116d2780b1b39e03a23f6eb9b603fd61f510 \
    --hash=sha256:aa366a1e55b8ebfe8ca8ddc3cfe75c8ebade181aeb0f661d0cb05986b647f72a \
    --hash=sha256:aa49e06d94aba782c6a02eecb7e507969e7e7a41b267f1b359bb35585f295d5b \
    --hash=sha256:aad9aa39483ed8ec44d6d2e59e5b98a0d80676ef0d92f44bfc374836111f62f5 \
    --hash=sha256:aae97dfdb60715c164419ac2532a76d013c3918a665eb6cb7288098b5f349aaf \
    --hash=sha256:abbefa31eee84842140f67acef1c828e28bba8bbf0c3bc6e5492a9af88152c28 \
    --hash=sha256:ac931cdc9442c1763b8a8f6cd62c0c938737eafc5be75eff88df55fc73bc0d00 \
    --hash=sha256:acd7d70b64c0aae0c7922cca83d288a16f5f6da523637697872253415269baef \
    --hash=sha256:add8cf6ddf9a65116119a28ece0f7886e30af27ba724a7594305f1d1b58a92a1 \
    --hash=sha256:aee395f5d0927f947758b4ec119fd5fc8ec71f07a1c5c52077b30b04c0fa6955 \
    --hash=sha256:b1b963fd8f5caa68e99dfae060d54de1fe9cba899b8718b44a00cdca53c3e590 \
    --hash=sha256:b2d444f2e66624d68e9c6b211e28a76e22fff5fcabcfff4deac18b529b7d4137 \
    --hash=sha256:b8d812c6011c08b8111a15e54dd990b8923692d80adf35488bee34026c35accf \
    --hash=sha256:ba96ae44888e0185281e937633a743ea90d5a196c6000f82565ebb0580012d40 \
    --hash=sha256:bdebcc8a75d38c7598dfb2c9ed852d7a9eb4a10d6e2d0764b919b802bf32ac88 \
    --hash=sha256:c07da4cebf6889f03ebac8d238f62318e29f495de0aa18a51ea14e61ae907e2e \
    --hash=sha256:c08e5c694306507275f2290073350c4f32e383db15213b2c69e7ff39c1193840 \
    --hash=sha256:c4f469aebd783bb741c2ecb2a681008fd26bfe5c16a9a72ed5467f834e810df2 \
    --hash=sha256:c5d7152ec39ca7c402d8fb9bad86140a15b9503bd0c54484e3f1bbe3dd37ceca \
    --hash=sha256:c674693f055fa2495de12292cb45e9944199d8eaef5a2dec45175c7c61cb73e3 \
    --hash=sha256:c6ed5141a5c7507cf3ee76bd363b0d6f801e3321adc35b5d825a23115faa5465 \
    --hash=sha256:c921ba5c51e4e9f63b8b00267d06566e1f63407408a0496da2d1d0bfc819c7fc \
    --hash=sha256:c9a4b821dc7055bf9e05ff5719e18ec501f75c0f0bbfabd573b277559780833d \
    --hash=sha256:c9f79d5325907f13e1be0b3e4dacc1049d1dffc4aeee3c995284bea5fe0fab7d \
    --hash=sha256:cd312b9692e831d2ffcad61eab31d91d4b4655a962e61de8fb410472cbcd37aa \
    --hash=sha256:cea3f4c1af79af13cdb2da0c028111d8f8522d4f22a000c82385535f24e5cf3a \
    --hash=sha256:cecdd5dfdc87b1fd87dbf81d4b037a544f47f4c744200a67013771682d67686a \
    --hash=sha256:cf9d57306d848218f3601fee7601fab1a327c942d56e2e97610583cb4dd74206 \
    --hash=sha256:d34bbf07dbc7ca5970671b1512e928991fb5e9d95365636c9b2d8b4f53af405e \
    --hash=sha256:d49514be2f28d895c38cf9d2b72d7b9a07d00314519f456c0b50b53cfcf4c785 \
    --hash=sha256:d680fbcb768404c601ecb43519ecd8461f6954cb11c06a78962f666832ccfca8 \
    --hash=sha256:db1d75f6617a49c1c01bc7023713e0ff59ab32c9579ae62a7674c0e34f3b0b0a \
    --hash=sha256:dcb292aa7fe485ceff7af4f92e46c5af397daec5dff64871a528f0fc47a3cc5b \
    --hash=sha256:e07c65f443c887bbcf31cc1771d932ecc192a5273943589b3c7572b749f1ffb2 \
    --hash=sha256:e902da4b04e6b52e5893900d4b8ab46068f75f3561f01bf1080957f9fd932ed6 \
    --hash=sha256:e9308ff8241c532df3f3e570f9a5aeed6c853f888512ba4b75638d7c11c95ef6 \
    --hash=sha256:eb7c9811bfaa8b1ed5ed319f5d370dfbcaa59d52ea64be2a5a85e18195930354 \
    --hash=sha256:ebe6af670449830d6d9b752c256a983291c766a1365ba5d5460048f9e33a7818 \
    --hash=sha256:ed21202aec73cda4d55d1ce57b389aadb90ffb044e6cd1080b8347efe1b1ec84 \
    --hash=sha256:efe0374196335f93b53269acd811b944f2e6bdc88e8894f214bd636455484909 \
    --hash=sha256:f64ec5397ea6a41fc1b4af0380d79b44a755b5531dcaccd9940fb260dca93038 \
    --hash=sha256:f6ac4ef4d82dff54670227a69c67782ae0b811b5cf6b17954f1e8f7502fc0d1d \
    --hash=sha256:f6f0ce10945fab9c4c06ce14e22af9059d1a87493a9af4501a5b0b9187e21cf2 \
    --hash=sha256:f8844cd288697c6425c9beba919302241e3278871dc6519515e72b04e987abcf \
    --hash=sha256:fe0306bd29505a9177aac19f1877174b0e7422c222a59f70b2cd41633448c3dc \
    --hash=sha256:ff3f333630ab480244a1bff72043e511a91eb22e7595dead8653ee5612dd8f3d \
    --hash=sha256:ffecec8eb889b58ba9be5b95fb1cc78e22ea8eedea38e8736a1568fe1979250e
    # via python-docx
macholib==1.16.4 \
    --hash=sha256:da1a3fa8266e30f0ce7e97c6a54eefaae8edd1e5f86f3eb8b95457cae90265ea \
    --hash=sha256:f408c93ab2e995cd2c46e34fe328b130404be143469e41bc366c807448979362
    # via tutopy (pyproject.toml)
odfpy==1.4.1 \
    --hash=sha256:db766a6e59c5103212f3cc92ec8dd50a0f3a02790233ed0b52148b70d3c438ec
    # via tutopy (pyproject.toml)
openpyxl==3.1.5 \
    --hash=sha256:5282c12b107bffeef825f4617dc029afaf41d0ea60823bbb665ef3079dc79de2 \
    --hash=sha256:cf0e3cf56142039133628b5acffe8ef0c12bc902d2aadd3e0fe5878dc08d1050
    # via tutopy (pyproject.toml)
packaging==26.3 \
    --hash=sha256:94edc256424af38762eb31306eed28beb9f0efc50a8837492c9d6fd6004aed79 \
    --hash=sha256:d7193f7c8e4e93f444fde0262bf90af30e16fa0ad0ad44cb553c87339b23cd1c
    # via
    #   pyinstaller
    #   pyinstaller-hooks-contrib
pefile==2024.8.26 \
    --hash=sha256:3ff6c5d8b43e8c37bb6e6dd5085658d658a7a0bdcd20b6a07b1fcfc1c4e9d632 \
    --hash=sha256:76f8b485dcd3b1bb8166f1128d395fa3d87af26360c2358fb75b80019b957c6f
    # via tutopy (pyproject.toml)
pillow==10.2.0 \
    --hash=sha256:0304004f8067386b477d20a518b50f3fa658a28d44e4116970abfcd94fac34a8 \
    --hash=sha256:0689b5a8c5288bc0504d9fcee48f61a6a586b9b98514d7d29b840143d6734f39 \
    --hash=sha256:0eae2073305f451d8ecacb5474997c08569fb4eb4ac231ffa4ad7d342fdc25ac \
    --hash=sha256:0fb3e7fc88a14eacd303e90481ad983fd5b69c761e9e6ef94c983f91025da869 \
    --hash=sha256:11fa2e5984b949b0dd6d7a94d967743d87c577ff0b83392f17cb3990d0d2fd6e \
    --hash=sha256:127cee571038f252a552760076407f9cff79761c3d436a12af6000cd182a9d04 \
    --hash=sha256:154e939c5f0053a383de4fd3d3da48d9427a7e985f58af8e94d0b3c9fcfcf4f9 \
    --hash=sha256:15587643b9e5eb26c48e49a7b33659790d28f190fc514a322d55da2fb5c2950e \
    --hash=sha256:170aeb00224ab3dc54230c797f8404507240dd868cf52066f66a41b33169bdbe \
    --hash=sha256:1b5e1b74d1bd1b78bc3477528919414874748dd363e6272efd5abf7654e68bef \
    --hash=sha256:1da3b2703afd040cf65ec97efea81cfba59cdbed9c11d8efc5ab09df9509fc56 \
    --hash=sha256:1e23412b5c41e58cec602f1135c57dfcf15482013ce6e5f093a86db69646a5aa \
    --hash=sha256:2247178effb34a77c11c0e8ac355c7a741ceca0a732b27bf11e747bbc950722f \
    --hash=sha256:257d8788df5ca62c980314053197f4d46eefedf4e6175bc9412f14412ec4ea2f \
    --hash=sha256:3031709084b6e7852d00479fd1d310b07d0ba82765f973b543c8af5061cf990e \
    --hash=sha256:322209c642aabdd6207517e9739c704dc9f9db943015535783239022002f054a \
    --hash=sha256:322bdf3c9b556e9ffb18f93462e5f749d3444ce081290352c6070d014c93feb2 \
    --hash=sha256:33870dc4653c5017bf4c8873e5488d8f8d5f8935e2f1fb9a2208c47cdd66efd2 \
    --hash=sha256:35bb52c37f256f662abdfa49d2dfa6ce5d93281d323a9af377a120e89a9eafb5 \
    --hash=sha256:3c31822339516fb3c82d03f30e22b1d038da87ef27b6a78c9549888f8ceda39a \
    --hash=sha256:3eedd52442c0a5ff4f887fab0c1c0bb164d8635b32c894bc1faf4c618dd89df2 \
    --hash=sha256:3ff074fc97dd4e80543a3e91f69d58889baf2002b6be64347ea8cf5533188213 \
    --hash=sha256:47c0995fc4e7f79b5cfcab1fc437ff2890b770440f7696a3ba065ee0fd496563 \
    --hash=sha256:49d9ba1ed0ef3e061088cd1e7538a0759aab559e2e0a80a36f9fd9d8c0c21591 \
    --hash=sha256:51f1a1bffc50e2e9492e87d8e09a17c5eea8409cda8d3f277eb6edc82813c17c \
    --hash=sha256:52a50aa3fb3acb9cf7213573ef55d31d6eca37f5709c69e6858fe3bc04a5c2a2 \
    --hash=sha256:54f1852cd531aa981bc0965b7d609f5f6cc8ce8c41b1139f6ed6b3c54ab82bfb \
    --hash=sha256:609448742444d9290fd687940ac0b57fb35e6fd92bdb65386e08e99af60bf757 \
    --hash=sha256:69ffdd6120a4737710a9eee73e1d2e37db89b620f702754b8f6e62594471dee0 \
    --hash=sha256:6fad5ff2f13d69b7e74ce5b4ecd12cc0ec530fcee76356cac6742785ff71c452 \
    --hash=sha256:7049e301399273a0136ff39b84c3678e314f2158f50f517bc50285fb5ec847ad \
    --hash=sha256:70c61d4c475835a19b3a5aa42492409878bbca7438554a1f89d20d58a7c75c01 \
    --hash=sha256:716d30ed977be8b37d3ef185fecb9e5a1d62d110dfbdcd1e2a122ab46fddb03f \
    --hash=sha256:753cd8f2086b2b80180d9b3010dd4ed147efc167c90d3bf593fe2af21265e5a5 \
    --hash=sha256:773efe0603db30c281521a7c0214cad7836c03b8ccff897beae9b47c0b657d61 \
    --hash=sha256:7823bdd049099efa16e4246bdf15e5a13dbb18a51b68fa06d6c1d4d8b99a796e \
    --hash=sha256:7c8f97e8e7a9009bcacbe3766a36175056c12f9a44e6e6f2d5caad06dcfbf03b \
    --hash=sha256:823ef7a27cf86df6597fa0671066c1b596f69eba53efa3d1e1cb8b30f3533068 \
    --hash=sha256:8373c6c251f7ef8bda6675dd6d2b3a0fcc31edf1201266b5cf608b62a37407f9 \
    --hash=sha256:83b2021f2ade7d1ed556bc50a399127d7fb245e725aa0113ebd05cfe88aaf588 \
    --hash=sha256:870ea1ada0899fd0b79643990809323b389d4d1d46c192f97342eeb6ee0b8483 \
    --hash=sha256:8d12251f02d69d8310b046e82572ed486685c38f02176bd08baf216746eb947f \
    --hash=sha256:9c23f307202661071d94b5e384e1e1dc7dfb972a28a2310e4ee16103e66ddb67 \
    --hash=sha256:9d189550615b4948f45252d7f005e53c2040cea1af5b60d6f79491a6e147eef7 \
    --hash=sha256:a086c2af425c5f62a65e12fbf385f7c9fcb8f107d0849dba5839461a129cf311 \
    --hash=sha256:a2b56ba36e05f973d450582fb015594aaa78834fefe8dfb8fcd79b93e64ba4c6 \
    --hash=sha256:aebb6044806f2e16ecc07b2a2637ee1ef67a11840a66752751714a0d924adf72 \
    --hash=sha256:b1b3020d90c2d8e1dae29cf3ce54f8094f7938460fb5ce8bc5c01450b01fbaf6 \
    --hash=sha256:b4b6b1e20608493548b1f32bce8cca185bf0480983890403d3b8753e44077129 \
    --hash=sha256:b6f491cdf80ae540738859d9766783e3b3c8e5bd37f5dfa0b76abdecc5081f13 \
    --hash=sha256:b792a349405fbc0163190fde0dc7b3fef3c9268292586cf5645598b48e63dc67 \
    --hash=sha256:b7c2286c23cd350b80d2fc9d424fc797575fb16f854b831d16fd47ceec078f2c \
    --hash=sha256:babf5acfede515f176833ed6028754cbcd0d206f7f614ea3447d67c33be12516 \
    --hash=sha256:c365fd1703040de1ec284b176d6af5abe21b427cb3a5ff68e0759e1e313a5e7e \
    --hash=sha256:c4225f5220f46b2fde568c74fca27ae9771536c2e29d7c04f4fb62c83275ac4e \
    --hash=sha256:c570f24be1e468e3f0ce7ef56a89a60f0e05b30a3669a459e419c6eac2c35364 \
    --hash=sha256:c6dafac9e0f2b3c78df97e79af707cdc5ef8e88208d686a4847bab8266870023 \
    --hash=sha256:c8de2789052ed501dd829e9cae8d3dcce7acb4777ea4a479c14521c942d395b1 \
    --hash=sha256:cb28c753fd5eb3dd859b4ee95de66cc62af91bcff5db5f2571d32a520baf1f04 \
    --hash=sha256:cb4c38abeef13c61d6916f264d4845fab99d7b711be96c326b84df9e3e0ff62d \
    --hash=sha256:d1b35bcd6c5543b9cb547dee3150c93008f8dd0f1fef78fc0cd2b141c5baf58a \
    --hash=sha256:d8e6aeb9201e655354b3ad049cb77d19813ad4ece0df1249d3c793de3774f8c7 \
    --hash=sha256:d8ecd059fdaf60c1963c58ceb8997b32e9dc1b911f5da5307aab614f1ce5c2fb \
    --hash=sha256:da2b52b37dad6d9ec64e653637a096905b258d2fc2b984c41ae7d08b938a67e4 \
    --hash=sha256:e87f0b2c78157e12d7686b27d63c070fd65d994e8ddae6f328e0dcf4a0cd007e \
    --hash=sha256:edca80cbfb2b68d7b56930b84a0e45ae1694aeba0541f798e908a49d66b837f1 \
    --hash=sha256:f379abd2f1e3dddb2b61bc67977a6b5a0a3f7485538bcc6f39ec76163891ee48 \
    --hash=sha256:fe4c15f6c9285dc54ce6553a3ce908ed37c8f3825b5a51a15c91442bb955b868
    # via
    #   reportlab
    #   tutopy (pyproject.toml)
pyinstaller==6.21.0 \
    --hash=sha256:327d132389f37912609e01be62810cf96b5aa95b613903e4b8692e0d12fb0eda \
    --hash=sha256:42395ec76df8e8120c36b13339d9db8cab83e316a12839ee303cc00fc941bb74 \
    --hash=sha256:4e3108b3f02384560da70e39b8bf22b0ad597d02bd68a40d76ea91c1cfa00cad \
    --hash=sha256:5fa56746c1e76f93634d018502301378a2d0c382553d37d8c3c34ff436c12dd1 \
    --hash=sha256:605169523a6b5ace39f13dfbff21add9f2bc43df99c7daf9394fefb2c45e8b6f \
    --hash=sha256:697532279f535ad572bda613db4f821540e235c7854ca6da4d3bf0373f4415ee \
    --hash=sha256:6b6374d652107dd4a2eeece903ff82bb4045bb5e1006c5a158a6dcdbefe84bf2 \
    --hash=sha256:7071d4b094d5b40deeef5fa3d3b98a1b846087f7562b49209663d5f9281fe251 \
    --hash=sha256:7fae06c494ce0ebfe6bd3055c0e409def884f63af2e3705d06bd431ad9237fc7 \
    --hash=sha256:bb9fab705983e393a2d1cac77d6972513057ad800215fd861dc15ff5272e98fd \
    --hash=sha256:c6b28d30d8fd99ce162ff3aab5013ed44dbfb747566b1f01b9bed7964d7c14e9 \
    --hash=sha256:f13c95c9c03fb567217135919f93815c305813126780b0ed6e0123cb8acaf025
    # via tutopy (pyproject.toml)
pyinstaller-hooks-contrib==2026.6 \
    --hash=sha256:bef5002c32f4f50bd55b005da12cff64eca8783e7eaf86a06a62410164bab725 \
    --hash=sha256:fd13b8ac126b35361175edacd41a0d97080b75dd5f4b594ecefefff969509dd3
    # via pyinstaller
pyside6==6.11.1 \
    --hash=sha256:0968877ab1fb4ef3587a284da6fe05e8647ada56a6a3750b6395188e01f4aba6 \
    --hash=sha256:537682c3b7530817203e667c1f5a2f00486b37bf52c52eeab438544c7a0917f6 \
    --hash=sha256:75f0005c3eb95c07cfb65522ec50d0815ac007a96482c21dc3cb4b4c04895d84 \
    --hash=sha256:acee467cb5f256cc47ebb9d815a054c1d8416da380c191b247a76d164aa3f805 \
    --hash=sha256:b1fc521ba2bb5109425ab8add06bddbdd524abcad06cfa012cc39a22a189feb2
    # via tutopy (pyproject.toml)
pyside6-addons==6.11.1 \
    --hash=sha256:0d13c4dfd671b050a48e4f8d8ddc724b7248f9c0437e7fc47fdf316278572923 \
    --hash=sha256:3494f480dee92f415be2f2d989c0b3f4755ac332b28045cbf4ba0f5c5a22ba37 \
    --hash=sha256:54733c77f789bef5f03c6aff4ad3bec8b2eff021f0cfcbc53d5e6c250ded24f9 \
    --hash=sha256:8e6c65fbd73a512d6f72cda8d8277444a85a34dc99dd1dae9c21d35b8671bb1f \
    --hash=sha256:bf1c6c4e954e5eba3d2a7c661ad4b9689e8f09c7f4a16bdf29713371d11af993
    # via pyside6
pyside6-essentials==6.11.1 \
    --hash=sha256:11253ea52aabecefe9febddbbe78b43a824129e3af1cec98431028fba7fa954f \
    --hash=sha256:228de53c2bc26b07e5021fbe3614fc44ca08e4dab9999af08c2b389d2c239957 \
    --hash=sha256:63311bd48e32c584599ab04b9ef7c324082374cd2c9fa533f978fb893bb47e40 \
    --hash=sha256:a039b6da68a3a4b9d243217b2b98d475eed3f617159ef6be925badab53c11b0d \
    --hash=sha256:e3ef7027b41e4e55fadb56e3b3257dc8ee92154b639fe67fc4c8e05e9d976c60
    # via
    #   pyside6
    #   pyside6-addons
python-docx==1.2.0 \
    --hash=sha256:3fd478f3250fbbbfd3b94fe1e985955737c145627498896a8a6bf81f4baf66c7 \
    --hash=sha256:7bc9d7b7d8a69c9c02ca09216118c86552704edc23bac179283f2e38f86220ce
    # via tutopy (pyproject.toml)
pywin32-ctypes==0.2.3 \
    --hash=sha256:8a1513379d709975552d202d942d9837758905c8d01eb82b8bcc30918929e7b8 \
    --hash=sha256:d162dc04946d704503b2edc4d55f3dba5c1d539ead017afa00142c38b9885755
    # via tutopy (pyproject.toml)
reportlab==5.0.0 \
    --hash=sha256:9d5a3affa84919e1111ede580031266a570e93b1ce388219621347965ff1d93c \
    --hash=sha256:e4494a0c6623ae213bb856fba523171b2b54a7bf629fda02d5e525a7b899a784
    # via tutopy (pyproject.toml)
shiboken6==6.11.1 \
    --hash=sha256:1a16867f103ef1c662a5f09dfed03273a9f81688b174555162c58e83650a3f02 \
    --hash=sha256:1bd2f4314414df2d122d9f646e03b731bc6d6b5f77a5f53f99a4fe4e97d84e6f \
    --hash=sha256:7c8d9af17db4495d4fa5b1c393f218311c4855546b9dfa6a0bd21bcd66b55e9d \
    --hash=sha256:9a8bccfafc8805254cabcfa1edfaf55cd52889f4998c91ad0d9a4433fb1bcdbe \
    --hash=sha256:c2c6863aa80ec18c0f82cea3417837b279cdc60024ac17123461dc9042577df7
    # via
    #   pyside6
    #   pyside6-addons
    #   pyside6-essentials
tomli==2.0.1 \
    --hash=sha256:939de3e7a6161af0c887ef91b7d41a53e7c5a1ca976325f429cb46ea9bc30ecc \
    --hash=sha256:de526c12914f0c550d15924c62d72abc48d6fe7364aa87328337a31007fe8a4f
    # via tutopy (pyproject.toml)
typing-extensions==4.16.0 \
    --hash=sha256:481caa481374e813c1b176ada14e97f1f67a4539ce9cfeb3f350d78d6370c2e8 \
    --hash=sha256:dc983d19a509c94dba722ee6abd33940f7c05a89e243c47e907eb4db6f1a43e5
    # via python-docx

# WARNING: The following packages were not pinned, but pip requires them to be
# pinned when the requirements file includes hashes and the requirement is not
# satisfied by a package already installed. Consider using the --allow-unsafe flag.
# setuptools
